
Microsoft Visual Studio Solution File, Format Version 12.00
# Visual Studio 15
VisualStudioVersion = 15.0.26430.16
MinimumVisualStudioVersion = 10.0.40219.1
Project("{FAE04EC0-301F-11D3-BF4B-00C04F79EFBC}") = "ClassicWindowsForms", "ClassicWindowsForms\ClassicWindowsForms.csproj", "{084EB0FC-49E7-46B9-BA04-6F2D1E5FA869}"
EndProject
Project("{FAE04EC0-301F-11D3-BF4B-00C04F79EFBC}") = "ProgrammingConcepts", "ProgrammingConcepts\ProgrammingConcepts.csproj", "{2286E2FD-1857-485E-86F1-FEFD70EB1CD4}"
EndProject
Project("{FAE04EC0-301F-11D3-BF4B-00C04F79EFBC}") = "AsyncAwaitSyntax", "AsyncAwaitSyntax\AsyncAwaitSyntax.csproj", "{84647A9A-11E3-4917-BA58-F826E60BA0A3}"
EndProject
Project("{FAE04EC0-301F-11D3-BF4B-00C04F79EFBC}") = "ConcurrentQueue", "ConcurrentQueue\ConcurrentQueue.csproj", "{3013B13C-A131-4D50-9174-98E4C7127E77}"
EndProject
Project("{FAE04EC0-301F-11D3-BF4B-00C04F79EFBC}") = "ConcurrentDictionary", "ConcurrentDictionary\ConcurrentDictionary.csproj", "{49030878-7646-4F53-8089-3C71F7F82DCF}"
EndProject
Project("{FAE04EC0-301F-11D3-BF4B-00C04F79EFBC}") = "ProducerConsumerExample", "ProducerConsumerExample\ProducerConsumerExample.csproj", "{31373038-ABBC-47DB-B336-B8C673862CA8}"
EndProject
Global
	GlobalSection(SolutionConfigurationPlatforms) = preSolution
		Debug|Any CPU = Debug|Any CPU
		Release|Any CPU = Release|Any CPU
	EndGlobalSection
	GlobalSection(ProjectConfigurationPlatforms) = postSolution
		{084EB0FC-49E7-46B9-BA04-6F2D1E5FA869}.Debug|Any CPU.ActiveCfg = Debug|Any CPU
		{084EB0FC-49E7-46B9-BA04-6F2D1E5FA869}.Debug|Any CPU.Build.0 = Debug|Any CPU
		{084EB0FC-49E7-46B9-BA04-6F2D1E5FA869}.Release|Any CPU.ActiveCfg = Release|Any CPU
		{084EB0FC-49E7-46B9-BA04-6F2D1E5FA869}.Release|Any CPU.Build.0 = Release|Any CPU
		{2286E2FD-1857-485E-86F1-FEFD70EB1CD4}.Debug|Any CPU.ActiveCfg = Debug|Any CPU
		{2286E2FD-1857-485E-86F1-FEFD70EB1CD4}.Debug|Any CPU.Build.0 = Debug|Any CPU
		{2286E2FD-1857-485E-86F1-FEFD70EB1CD4}.Release|Any CPU.ActiveCfg = Release|Any CPU
		{2286E2FD-1857-485E-86F1-FEFD70EB1CD4}.Release|Any CPU.Build.0 = Release|Any CPU
		{84647A9A-11E3-4917-BA58-F826E60BA0A3}.Debug|Any CPU.ActiveCfg = Debug|Any CPU
		{84647A9A-11E3-4917-BA58-F826E60BA0A3}.Debug|Any CPU.Build.0 = Debug|Any CPU
		{84647A9A-11E3-4917-BA58-F826E60BA0A3}.Release|Any CPU.ActiveCfg = Release|Any CPU
		{84647A9A-11E3-4917-BA58-F826E60BA0A3}.Release|Any CPU.Build.0 = Release|Any CPU
		{3013B13C-A131-4D50-9174-98E4C7127E77}.Debug|Any CPU.ActiveCfg = Debug|Any CPU
		{3013B13C-A131-4D50-9174-98E4C7127E77}.Debug|Any CPU.Build.0 = Debug|Any CPU
		{3013B13C-A131-4D50-9174-98E4C7127E77}.Release|Any CPU.ActiveCfg = Release|Any CPU
		{3013B13C-A131-4D50-9174-98E4C7127E77}.Release|Any CPU.Build.0 = Release|Any CPU
		{49030878-7646-4F53-8089-3C71F7F82DCF}.Debug|Any CPU.ActiveCfg = Debug|Any CPU
		{49030878-7646-4F53-8089-3C71F7F82DCF}.Debug|Any CPU.Build.0 = Debug|Any CPU
		{49030878-7646-4F53-8089-3C71F7F82DCF}.Release|Any CPU.ActiveCfg = Release|Any CPU
		{49030878-7646-4F53-8089-3C71F7F82DCF}.Release|Any CPU.Build.0 = Release|Any CPU
		{31373038-ABBC-47DB-B336-B8C673862CA8}.Debug|Any CPU.ActiveCfg = Debug|Any CPU
		{31373038-ABBC-47DB-B336-B8C673862CA8}.Debug|Any CPU.Build.0 = Debug|Any CPU
		{31373038-ABBC-47DB-B336-B8C673862CA8}.Release|Any CPU.ActiveCfg = Release|Any CPU
		{31373038-ABBC-47DB-B336-B8C673862CA8}.Release|Any CPU.Build.0 = Release|Any CPU
	EndGlobalSection
	GlobalSection(SolutionProperties) = preSolution
		HideSolutionNode = FALSE
	EndGlobalSection
EndGlobal
